
Microsoft Visual Studio Solution File, Format Version 12.00
# Visual Studio Version 16
VisualStudioVersion = 16.0.32413.511
MinimumVisualStudioVersion = 10.0.40219.1
Project("{8BC9CEB8-8B4A-11D0-8D11-00A0C91BC942}") = "MyEngine", "MyEngine\MyEngine.vcxproj", "{F486EAD1-CA4C-4F71-A790-1D9FFB1A00E5}"
EndProject
Global
	GlobalSection(SolutionConfigurationPlatforms) = preSolution
		Debug|x64 = Debug|x64
		Debug|x86 = Debug|x86
		Release|x64 = Release|x64
		Release|x86 = Release|x86
	EndGlobalSection
	GlobalSection(ProjectConfigurationPlatforms) = postSolution
		{F486EAD1-CA4C-4F71-A790-1D9FFB1A00E5}.Debug|x64.ActiveCfg = Debug|x64
		{F486EAD1-CA4C-4F71-A790-1D9FFB1A00E5}.Debug|x64.Build.0 = Debug|x64
		{F486EAD1-CA4C-4F71-A790-1D9FFB1A00E5}.Debug|x86.ActiveCfg = Debug|Win32
		{F486EAD1-CA4C-4F71-A790-1D9FFB1A00E5}.Debug|x86.Build.0 = Debug|Win32
		{F486EAD1-CA4C-4F71-A790-1D9FFB1A00E5}.Release|x64.ActiveCfg = Release|x64
		{F486EAD1-CA4C-4F71-A790-1D9FFB1A00E5}.Release|x64.Build.0 = Release|x64
		{F486EAD1-CA4C-4F71-A790-1D9FFB1A00E5}.Release|x86.ActiveCfg = Release|Win32
		{F486EAD1-CA4C-4F71-A790-1D9FFB1A00E5}.Release|x86.Build.0 = Release|Win32
	EndGlobalSection
	GlobalSection(SolutionProperties) = preSolution
		HideSolutionNode = FALSE
	EndGlobalSection
	GlobalSection(ExtensibilityGlobals) = postSolution
		SolutionGuid = {F3712F3B-5078-47A4-AC7B-C0FA7DE7CD3E}
	EndGlobalSection
EndGlobal
